// !$*UTF8*$!
{
	archiveVersion = 1;
	classes = {
	};
	objectVersion = 50;
	objects = {

/* Begin PBXBuildFile section */
		CCE205D322E6234700E81939 /* AppDelegate.swift in Sources */ = {isa = PBXBuildFile; fileRef = CCE205D222E6234700E81939 /* AppDelegate.swift */; };
		CCE205D522E6234800E81939 /* ViewController.swift in Sources */ = {isa = PBXBuildFile; fileRef = CCE205D422E6234800E81939 /* ViewController.swift */; };
		CCE205D822E6234800E81939 /* Main.storyboard in Resources */ = {isa = PBXBuildFile; fileRef = CCE205D622E6234800E81939 /* Main.storyboard */; };
		CCE205DA22E6235400E81939 /* Assets.xcassets in Resources */ = {isa = PBXBuildFile; fileRef = CCE205D922E6235400E81939 /* Assets.xcassets */; };
		CCE205DD22E6235400E81939 /* LaunchScreen.storyboard in Resources */ = {isa = PBXBuildFile; fileRef = CCE205DB22E6235400E81939 /* LaunchScreen.storyboard */; };
		CCE205E922E6252A00E81939 /* Question.swift in Sources */ = {isa = PBXBuildFile; fileRef = CCE205E822E6252A00E81939 /* Question.swift */; };
		CCE205EB22E6254B00E81939 /* QuestionPaper.swift in Sources */ = {isa = PBXBuildFile; fileRef = CCE205EA22E6254B00E81939 /* QuestionPaper.swift */; };
/* End PBXBuildFile section */

/* Begin PBXFileReference section */
		CCE205CF22E6234700E81939 /* QuizzApp.app */ = {isa = PBXFileReference; explicitFileType = wrapper.application; includeInIndex = 0; path = QuizzApp.app; sourceTree = BUILT_PRODUCTS_DIR; };
		CCE205D222E6234700E81939 /* AppDelegate.swift */ = {isa = PBXFileReference; lastKnownFileType = sourcecode.swift; path = AppDelegate.swift; sourceTree = "<group>"; };
		CCE205D422E6234800E81939 /* ViewController.swift */ = {isa = PBXFileReference; lastKnownFileType = sourcecode.swift; path = ViewController.swift; sourceTree = "<group>"; };
		CCE205D722E6234800E81939 /* Base */ = {isa = PBXFileReference; lastKnownFileType = file.storyboard; name = Base; path = Base.lproj/Main.storyboard; sourceTree = "<group>"; };
		CCE205D922E6235400E81939 /* Assets.xcassets */ = {isa = PBXFileReference; lastKnownFileType = folder.assetcatalog; path = Assets.xcassets; sourceTree = "<group>"; };
		CCE205DC22E6235400E81939 /* Base */ = {isa = PBXFileReference; lastKnownFileType = file.storyboard; name = Base; path = Base.lproj/LaunchScreen.storyboard; sourceTree = "<group>"; };
		CCE205DE22E6235400E81939 /* Info.plist */ = {isa = PBXFileReference; lastKnownFileType = text.plist.xml; path = Info.plist; sourceTree = "<group>"; };
		CCE205E822E6252A00E81939 /* Question.swift */ = {isa = PBXFileReference; lastKnownFileType = sourcecode.swift; path = Question.swift; sourceTree = "<group>"; };
		CCE205EA22E6254B00E81939 /* QuestionPaper.swift */ = {isa = PBXFileReference; lastKnownFileType = sourcecode.swift; path = QuestionPaper.swift; sourceTree = "<group>"; };
/* End PBXFileReference section */

/* Begin PBXFrameworksBuildPhase section */
		CCE205CC22E6234700E81939 /* Frameworks */ = {
			isa = PBXFrameworksBuildPhase;
			buildActionMask = 2147483647;
			files = (
			);
			runOnlyForDeploymentPostprocessing = 0;
		};
/* End PBXFrameworksBuildPhase section */

/* Begin PBXGroup section */
		CCE205C622E6234700E81939 = {
			isa = PBXGroup;
			children = (
				CCE205D122E6234700E81939 /* QuizzApp */,
				CCE205D022E6234700E81939 /* Products */,
			);
			sourceTree = "<group>";
		};
		CCE205D022E6234700E81939 /* Products */ = {
			isa = PBXGroup;
			children = (
				CCE205CF22E6234700E81939 /* QuizzApp.app */,
			);
			name = Products;
			sourceTree = "<group>";
		};
		CCE205D122E6234700E81939 /* QuizzApp */ = {
			isa = PBXGroup;
			children = (
				CCE205E722E6243400E81939 /* Controller */,
				CCE205E522E6241400E81939 /* View */,
				CCE205E422E6240600E81939 /* Model */,
				CCE205DB22E6235400E81939 /* LaunchScreen.storyboard */,
				CCE205DE22E6235400E81939 /* Info.plist */,
			);
			path = QuizzApp;
			sourceTree = "<group>";
		};
		CCE205E422E6240600E81939 /* Model */ = {
			isa = PBXGroup;
			children = (
				CCE205E822E6252A00E81939 /* Question.swift */,
				CCE205EA22E6254B00E81939 /* QuestionPaper.swift */,
			);
			path = Model;
			sourceTree = "<group>";
		};
		CCE205E522E6241400E81939 /* View */ = {
			isa = PBXGroup;
			children = (
				CCE205D622E6234800E81939 /* Main.storyboard */,
				CCE205D922E6235400E81939 /* Assets.xcassets */,
			);
			path = View;
			sourceTree = "<group>";
		};
		CCE205E722E6243400E81939 /* Controller */ = {
			isa = PBXGroup;
			children = (
				CCE205D422E6234800E81939 /* ViewController.swift */,
				CCE205D222E6234700E81939 /* AppDelegate.swift */,
			);
			path = Controller;
			sourceTree = "<group>";
		};
/* End PBXGroup section */

/* Begin PBXNativeTarget section */
		CCE205CE22E6234700E81939 /* QuizzApp */ = {
			isa = PBXNativeTarget;
			buildConfigurationList = CCE205E122E6235400E81939 /* Build configuration list for PBXNativeTarget "QuizzApp" */;
			buildPhases = (
				CCE205CB22E6234700E81939 /* Sources */,
				CCE205CC22E6234700E81939 /* Frameworks */,
				CCE205CD22E6234700E81939 /* Resources */,
			);
			buildRules = (
			);
			dependencies = (
			);
			name = QuizzApp;
			productName = QuizzApp;
			productReference = CCE205CF22E6234700E81939 /* QuizzApp.app */;
			productType = "com.apple.product-type.application";
		};
/* End PBXNativeTarget section */

/* Begin PBXProject section */
		CCE205C722E6234700E81939 /* Project object */ = {
			isa = PBXProject;
			attributes = {
				LastSwiftUpdateCheck = 1020;
				LastUpgradeCheck = 1020;
				ORGANIZATIONNAME = "Vishaldeep Singh";
				TargetAttributes = {
					CCE205CE22E6234700E81939 = {
						CreatedOnToolsVersion = 10.2.1;
					};
				};
			};
			buildConfigurationList = CCE205CA22E6234700E81939 /* Build configuration list for PBXProject "QuizzApp" */;
			compatibilityVersion = "Xcode 9.3";
			developmentRegion = en;
			hasScannedForEncodings = 0;
			knownRegions = (
				en,
				Base,
			);
			mainGroup = CCE205C622E6234700E81939;
			productRefGroup = CCE205D022E6234700E81939 /* Products */;
			projectDirPath = "";
			projectRoot = "";
			targets = (
				CCE205CE22E6234700E81939 /* QuizzApp */,
			);
		};
/* End PBXProject section */

/* Begin PBXResourcesBuildPhase section */
		CCE205CD22E6234700E81939 /* Resources */ = {
			isa = PBXResourcesBuildPhase;
			buildActionMask = 2147483647;
			files = (
				CCE205DD22E6235400E81939 /* LaunchScreen.storyboard in Resources */,
				CCE205DA22E6235400E81939 /* Assets.xcassets in Resources */,
				CCE205D822E6234800E81939 /* Main.storyboard in Resources */,
			);
			runOnlyForDeploymentPostprocessing = 0;
		};
/* End PBXResourcesBuildPhase section */

/* Begin PBXSourcesBuildPhase section */
		CCE205CB22E6234700E81939 /* Sources */ = {
			isa = PBXSourcesBuildPhase;
			buildActionMask = 2147483647;
			files = (
				CCE205E922E6252A00E81939 /* Question.swift in Sources */,
				CCE205D522E6234800E81939 /* ViewController.swift in Sources */,
				CCE205EB22E6254B00E81939 /* QuestionPaper.swift in Sources */,
				CCE205D322E6234700E81939 /* AppDelegate.swift in Sources */,
			);
			runOnlyForDeploymentPostprocessing = 0;
		};
/* End PBXSourcesBuildPhase section */

/* Begin PBXVariantGroup section */
		CCE205D622E6234800E81939 /* Main.storyboard */ = {
			isa = PBXVariantGroup;
			children = (
				CCE205D722E6234800E81939 /* Base */,
			);
			name = Main.storyboard;
			sourceTree = "<group>";
		};
		CCE205DB22E6235400E81939 /* LaunchScreen.storyboard */ = {
			isa = PBXVariantGroup;
			children = (
				CCE205DC22E6235400E81939 /* Base */,
			);
			name = LaunchScreen.storyboard;
			sourceTree = "<group>";
		};
/* End PBXVariantGroup section */

/* Begin XCBuildConfiguration section */
		CCE205DF22E6235400E81939 /* Debug */ = {
			isa = XCBuildConfiguration;
			buildSettings = {
				ALWAYS_SEARCH_USER_PATHS = NO;
				CLANG_ANALYZER_NONNULL = YES;
				CLANG_ANALYZER_NUMBER_OBJECT_CONVERSION = YES_AGGRESSIVE;
				CLANG_CXX_LANGUAGE_STANDARD = "gnu++14";
				CLANG_CXX_LIBRARY = "libc++";
				CLANG_ENABLE_MODULES = YES;
				CLANG_ENABLE_OBJC_ARC = YES;
				CLANG_ENABLE_OBJC_WEAK = YES;
				CLANG_WARN_BLOCK_CAPTURE_AUTORELEASING = YES;
				CLANG_WARN_BOOL_CONVERSION = YES;
				CLANG_WARN_COMMA = YES;
				CLANG_WARN_CONSTANT_CONVERSION = YES;
				CLANG_WARN_DEPRECATED_OBJC_IMPLEMENTATIONS = YES;
				CLANG_WARN_DIRECT_OBJC_ISA_USAGE = YES_ERROR;
				CLANG_WARN_DOCUMENTATION_COMMENTS = YES;
				CLANG_WARN_EMPTY_BODY = YES;
				CLANG_WARN_ENUM_CONVERSION = YES;
				CLANG_WARN_INFINITE_RECURSION = YES;
				CLANG_WARN_INT_CONVERSION = YES;
				CLANG_WARN_NON_LITERAL_NULL_CONVERSION = YES;
				CLANG_WARN_OBJC_IMPLICIT_RETAIN_SELF = YES;
				CLANG_WARN_OBJC_LITERAL_CONVERSION = YES;
				CLANG_WARN_OBJC_ROOT_CLASS = YES_ERROR;
				CLANG_WARN_RANGE_LOOP_ANALYSIS = YES;
				CLANG_WARN_STRICT_PROTOTYPES = YES;
				CLANG_WARN_SUSPICIOUS_MOVE = YES;
				CLANG_WARN_UNGUARDED_AVAILABILITY = YES_AGGRESSIVE;
				CLANG_WARN_UNREACHABLE_CODE = YES;
				CLANG_WARN__DUPLICATE_METHOD_MATCH = YES;
				CODE_SIGN_IDENTITY = "iPhone Developer";
				COPY_PHASE_STRIP = NO;
				DEBUG_INFORMATION_FORMAT = dwarf;
				ENABLE_STRICT_OBJC_MSGSEND = YES;
				ENABLE_TESTABILITY = YES;
				GCC_C_LANGUAGE_STANDARD = gnu11;
				GCC_DYNAMIC_NO_PIC = NO;
				GCC_NO_COMMON_BLOCKS = YES;
				GCC_OPTIMIZATION_LEVEL = 0;
				GCC_PREPROCESSOR_DEFINITIONS = (
					"DEBUG=1",
					"$(inherited)",
				);
				GCC_WARN_64_TO_32_BIT_CONVERSION = YES;
				GCC_WARN_ABOUT_RETURN_TYPE = YES_ERROR;
				GCC_WARN_UNDECLARED_SELECTOR = YES;
				GCC_WARN_UNINITIALIZED_AUTOS = YES_AGGRESSIVE;
				GCC_WARN_UNUSED_FUNCTION = YES;
				GCC_WARN_UNUSED_VARIABLE = YES;
				IPHONEOS_DEPLOYMENT_TARGET = 12.2;
				MTL_ENABLE_DEBUG_INFO = INCLUDE_SOURCE;
				MTL_FAST_MATH = YES;
				ONLY_ACTIVE_ARCH = YES;
				SDKROOT = iphoneos;
				SWIFT_ACTIVE_COMPILATION_CONDITIONS = DEBUG;
				SWIFT_OPTIMIZATION_LEVEL = "-Onone";
			};
			name = Debug;
		};
		CCE205E022E6235400E81939 /* Release */ = {
			isa = XCBuildConfiguration;
			buildSettings = {
				ALWAYS_SEARCH_USER_PATHS = NO;
				CLANG_ANALYZER_NONNULL = YES;
				CLANG_ANALYZER_NUMBER_OBJECT_CONVERSION = YES_AGGRESSIVE;
				CLANG_CXX_LANGUAGE_STANDARD = "gnu++14";
				CLANG_CXX_LIBRARY = "libc++";
				CLANG_ENABLE_MODULES = YES;
				CLANG_ENABLE_OBJC_ARC = YES;
				CLANG_ENABLE_OBJC_WEAK = YES;
				CLANG_WARN_BLOCK_CAPTURE_AUTORELEASING = YES;
				CLANG_WARN_BOOL_CONVERSION = YES;
				CLANG_WARN_COMMA = YES;
				CLANG_WARN_CONSTANT_CONVERSION = YES;
				CLANG_WARN_DEPRECATED_OBJC_IMPLEMENTATIONS = YES;
				CLANG_WARN_DIRECT_OBJC_ISA_USAGE = YES_ERROR;
				CLANG_WARN_DOCUMENTATION_COMMENTS = YES;
				CLANG_WARN_EMPTY_BODY = YES;
				CLANG_WARN_ENUM_CONVERSION = YES;
				CLANG_WARN_INFINITE_RECURSION = YES;
				CLANG_WARN_INT_CONVERSION = YES;
				CLANG_WARN_NON_LITERAL_NULL_CONVERSION = YES;
				CLANG_WARN_OBJC_IMPLICIT_RETAIN_SELF = YES;
				CLANG_WARN_OBJC_LITERAL_CONVERSION = YES;
				CLANG_WARN_OBJC_ROOT_CLASS = YES_ERROR;
				CLANG_WARN_RANGE_LOOP_ANALYSIS = YES;
				CLANG_WARN_STRICT_PROTOTYPES = YES;
				CLANG_WARN_SUSPICIOUS_MOVE = YES;
				CLANG_WARN_UNGUARDED_AVAILABILITY = YES_AGGRESSIVE;
				CLANG_WARN_UNREACHABLE_CODE = YES;
				CLANG_WARN__DUPLICATE_METHOD_MATCH = YES;
				CODE_SIGN_IDENTITY = "iPhone Developer";
				COPY_PHASE_STRIP = NO;
				DEBUG_INFORMATION_FORMAT = "dwarf-with-dsym";
				ENABLE_NS_ASSERTIONS = NO;
				ENABLE_STRICT_OBJC_MSGSEND = YES;
				GCC_C_LANGUAGE_STANDARD = gnu11;
				GCC_NO_COMMON_BLOCKS = YES;
				GCC_WARN_64_TO_32_BIT_CONVERSION = YES;
				GCC_WARN_ABOUT_RETURN_TYPE = YES_ERROR;
				GCC_WARN_UNDECLARED_SELECTOR = YES;
				GCC_WARN_UNINITIALIZED_AUTOS = YES_AGGRESSIVE;
				GCC_WARN_UNUSED_FUNCTION = YES;
				GCC_WARN_UNUSED_VARIABLE = YES;
				IPHONEOS_DEPLOYMENT_TARGET = 12.2;
				MTL_ENABLE_DEBUG_INFO = NO;
				MTL_FAST_MATH = YES;
				SDKROOT = iphoneos;
				SWIFT_COMPILATION_MODE = wholemodule;
				SWIFT_OPTIMIZATION_LEVEL = "-O";
				VALIDATE_PRODUCT = YES;
			};
			name = Release;
		};
		CCE205E222E6235400E81939 /* Debug */ = {
			isa = XCBuildConfiguration;
			buildSettings = {
				ASSETCATALOG_COMPILER_APPICON_NAME = AppIcon;
				CODE_SIGN_STYLE = Automatic;
				DEVELOPMENT_TEAM = 38C44DGGC6;
				INFOPLIST_FILE = QuizzApp/Info.plist;
				LD_RUNPATH_SEARCH_PATHS = (
					"$(inherited)",
					"@executable_path/Frameworks",
				);
				PRODUCT_BUNDLE_IDENTIFIER = TechMax.QuizzApp;
				PRODUCT_NAME = "$(TARGET_NAME)";
				SWIFT_VERSION = 5.0;
				TARGETED_DEVICE_FAMILY = "1,2";
			};
			name = Debug;
		};
		CCE205E322E6235400E81939 /* Release */ = {
			isa = XCBuildConfiguration;
			buildSettings = {
				ASSETCATALOG_COMPILER_APPICON_NAME = AppIcon;
				CODE_SIGN_STYLE = Automatic;
				DEVELOPMENT_TEAM = 38C44DGGC6;
				INFOPLIST_FILE = QuizzApp/Info.plist;
				LD_RUNPATH_SEARCH_PATHS = (
					"$(inherited)",
					"@executable_path/Frameworks",
				);
				PRODUCT_BUNDLE_IDENTIFIER = TechMax.QuizzApp;
				PRODUCT_NAME = "$(TARGET_NAME)";
				SWIFT_VERSION = 5.0;
				TARGETED_DEVICE_FAMILY = "1,2";
			};
			name = Release;
		};
/* End XCBuildConfiguration section */

/* Begin XCConfigurationList section */
		CCE205CA22E6234700E81939 /* Build configuration list for PBXProject "QuizzApp" */ = {
			isa = XCConfigurationList;
			buildConfigurations = (
				CCE205DF22E6235400E81939 /* Debug */,
				CCE205E022E6235400E81939 /* Release */,
			);
			defaultConfigurationIsVisible = 0;
			defaultConfigurationName = Release;
		};
		CCE205E122E6235400E81939 /* Build configuration list for PBXNativeTarget "QuizzApp" */ = {
			isa = XCConfigurationList;
			buildConfigurations = (
				CCE205E222E6235400E81939 /* Debug */,
				CCE205E322E6235400E81939 /* Release */,
			);
			defaultConfigurationIsVisible = 0;
			defaultConfigurationName = Release;
		};
/* End XCConfigurationList section */
	};
	rootObject = CCE205C722E6234700E81939 /* Project object */;
}
